
Microsoft Visual Studio Solution File, Format Version 12.00
# Visual Studio Version 16
VisualStudioVersion = 16.0.30523.141
MinimumVisualStudioVersion = 10.0.40219.1
Project("{FAE04EC0-301F-11D3-BF4B-00C04F79EFBC}") = "5951071040_VoVanKha", "DemoWebService\5951071040_VoVanKha.csproj", "{036A2D09-7B57-46E9-8155-8591E276ED34}"
EndProject
Global
	GlobalSection(SolutionConfigurationPlatforms) = preSolution
		Debug|Any CPU = Debug|Any CPU
		Release|Any CPU = Release|Any CPU
	EndGlobalSection
	GlobalSection(ProjectConfigurationPlatforms) = postSolution
		{036A2D09-7B57-46E9-8155-8591E276ED34}.Debug|Any CPU.ActiveCfg = Debug|Any CPU
		{036A2D09-7B57-46E9-8155-8591E276ED34}.Debug|Any CPU.Build.0 = Debug|Any CPU
		{036A2D09-7B57-46E9-8155-8591E276ED34}.Release|Any CPU.ActiveCfg = Release|Any CPU
		{036A2D09-7B57-46E9-8155-8591E276ED34}.Release|Any CPU.Build.0 = Release|Any CPU
	EndGlobalSection
	GlobalSection(SolutionProperties) = preSolution
		HideSolutionNode = FALSE
	EndGlobalSection
	GlobalSection(ExtensibilityGlobals) = postSolution
		SolutionGuid = {D0E2B27D-6E67-4436-8B11-D4FC5B48B3BB}
	EndGlobalSection
EndGlobal
